
Microsoft Visual Studio Solution File, Format Version 12.00
# Visual Studio Version 16
VisualStudioVersion = 16.0.30804.86
MinimumVisualStudioVersion = 10.0.40219.1
Project("{FAE04EC0-301F-11D3-BF4B-00C04F79EFBC}") = "Compiladores_BIT", "Compiladores_BIT\Compiladores_BIT.csproj", "{3DE5EF86-FA93-4C74-A50C-9B71234A13F6}"
EndProject
Global
	GlobalSection(SolutionConfigurationPlatforms) = preSolution
		Debug|Any CPU = Debug|Any CPU
		Release|Any CPU = Release|Any CPU
	EndGlobalSection
	GlobalSection(ProjectConfigurationPlatforms) = postSolution
		{3DE5EF86-FA93-4C74-A50C-9B71234A13F6}.Debug|Any CPU.ActiveCfg = Debug|Any CPU
		{3DE5EF86-FA93-4C74-A50C-9B71234A13F6}.Debug|Any CPU.Build.0 = Debug|Any CPU
		{3DE5EF86-FA93-4C74-A50C-9B71234A13F6}.Release|Any CPU.ActiveCfg = Release|Any CPU
		{3DE5EF86-FA93-4C74-A50C-9B71234A13F6}.Release|Any CPU.Build.0 = Release|Any CPU
	EndGlobalSection
	GlobalSection(SolutionProperties) = preSolution
		HideSolutionNode = FALSE
	EndGlobalSection
	GlobalSection(ExtensibilityGlobals) = postSolution
		SolutionGuid = {A527F653-AF45-466D-B4F3-3180AC0EFF66}
	EndGlobalSection
EndGlobal
